<?xml version="1.0" encoding="utf-8"?>
<Project ToolsVersion="4.0" xmlns="http://schemas.microsoft.com/developer/msbuild/2003">
  <ItemGroup>
    <Filter Include="Source Files">
      <UniqueIdentifier>{4FC737F1-C7A5-4376-A066-2A32D752A2FF}</UniqueIdentifier>
      <Extensions>cpp;c;cc;cxx;def;odl;idl;hpj;bat;asm;asmx</Extensions>
    </Filter>
    <Filter Include="Images">
      <UniqueIdentifier>{3161f714-1fd5-4ea8-8972-4ac8851616e3}</UniqueIdentifier>
    </Filter>
  </ItemGroup>
  <ItemGroup>
    <ClInclude Include="Source\GUIDefaults.hpp">
      <Filter>Source Files</Filter>
    </ClInclude>
    <ClInclude Include="Source\IconResources.h">
      <Filter>Source Files</Filter>
    </ClInclude>
  </ItemGroup>
  <ItemGroup>
    <ResourceCompile Include="Source\IconResources.rc">
      <Filter>Source Files</Filter>
    </ResourceCompile>
  </ItemGroup>
  <ItemGroup>
    <ClCompile Include="Source\main.cpp">
      <Filter>Source Files</Filter>
    </ClCompile>
  </ItemGroup>
  <ItemGroup>
    <Image Include="Images\browse18x18icon.ico">
      <Filter>Images</Filter>
    </Image>
    <Image Include="Images\paste18x18icon.ico">
      <Filter>Images</Filter>
    </Image>
    <Image Include="Images\Shark18x18Icon.ico">
      <Filter>Images</Filter>
    </Image>
  </ItemGroup>
</Project>